
Microsoft Visual Studio Solution File, Format Version 12.00
# Visual Studio Version 16
VisualStudioVersion = 16.0.29509.3
MinimumVisualStudioVersion = 10.0.40219.1
Project("{9A19103F-16F7-4668-BE54-9A1E7A4F7556}") = "hometest", "hometest.csproj", "{C6CE4628-B5BE-4BF5-BD23-6FC038C7D268}"
EndProject
Project("{FAE04EC0-301F-11D3-BF4B-00C04F79EFBC}") = "hometest.IntergratioinTest", "..\hometest.IntergratioinTest\hometest.IntergratioinTest.csproj", "{DA1B0377-E2EA-4D32-B53F-B75A84478671}"
EndProject
Global
	GlobalSection(SolutionConfigurationPlatforms) = preSolution
		Debug|Any CPU = Debug|Any CPU
		Release|Any CPU = Release|Any CPU
	EndGlobalSection
	GlobalSection(ProjectConfigurationPlatforms) = postSolution
		{C6CE4628-B5BE-4BF5-BD23-6FC038C7D268}.Debug|Any CPU.ActiveCfg = Debug|Any CPU
		{C6CE4628-B5BE-4BF5-BD23-6FC038C7D268}.Debug|Any CPU.Build.0 = Debug|Any CPU
		{C6CE4628-B5BE-4BF5-BD23-6FC038C7D268}.Release|Any CPU.ActiveCfg = Release|Any CPU
		{C6CE4628-B5BE-4BF5-BD23-6FC038C7D268}.Release|Any CPU.Build.0 = Release|Any CPU
		{DA1B0377-E2EA-4D32-B53F-B75A84478671}.Debug|Any CPU.ActiveCfg = Debug|Any CPU
		{DA1B0377-E2EA-4D32-B53F-B75A84478671}.Debug|Any CPU.Build.0 = Debug|Any CPU
		{DA1B0377-E2EA-4D32-B53F-B75A84478671}.Release|Any CPU.ActiveCfg = Release|Any CPU
		{DA1B0377-E2EA-4D32-B53F-B75A84478671}.Release|Any CPU.Build.0 = Release|Any CPU
	EndGlobalSection
	GlobalSection(SolutionProperties) = preSolution
		HideSolutionNode = FALSE
	EndGlobalSection
	GlobalSection(ExtensibilityGlobals) = postSolution
		SolutionGuid = {BDA12490-B00F-470F-AD41-B0DB5FAD94CF}
	EndGlobalSection
EndGlobal
